// !$*UTF8*$!
{
	archiveVersion = 1;
	classes = {
	};
	objectVersion = 51;
	objects = {

/* Begin PBXBuildFile section */
		1FB7A23C7102586753E7B869 /* Pods_CRUD_SQLite_Wrapper.framework in Frameworks */ = {isa = PBXBuildFile; fileRef = 68E1B17A7781CAF0B3E0E81B /* Pods_CRUD_SQLite_Wrapper.framework */; };
		AD19A01A22EB67BE00B7478C /* AppDelegate.swift in Sources */ = {isa = PBXBuildFile; fileRef = AD19A01922EB67BE00B7478C /* AppDelegate.swift */; };
		AD19A01C22EB67BE00B7478C /* ViewController.swift in Sources */ = {isa = PBXBuildFile; fileRef = AD19A01B22EB67BE00B7478C /* ViewController.swift */; };
		AD19A01F22EB67BE00B7478C /* Main.storyboard in Resources */ = {isa = PBXBuildFile; fileRef = AD19A01D22EB67BE00B7478C /* Main.storyboard */; };
		AD19A02122EB67BF00B7478C /* Assets.xcassets in Resources */ = {isa = PBXBuildFile; fileRef = AD19A02022EB67BF00B7478C /* Assets.xcassets */; };
		AD19A02422EB67BF00B7478C /* LaunchScreen.storyboard in Resources */ = {isa = PBXBuildFile; fileRef = AD19A02222EB67BF00B7478C /* LaunchScreen.storyboard */; };
		ADC9EC4122EF90B800F01D05 /* CelulaCustomizada.swift in Sources */ = {isa = PBXBuildFile; fileRef = ADC9EC4022EF8EA600F01D05 /* CelulaCustomizada.swift */; };
/* End PBXBuildFile section */

/* Begin PBXFileReference section */
		2196676F7412F5653D6AC979 /* Pods-CRUD_SQLite_Wrapper.debug.xcconfig */ = {isa = PBXFileReference; includeInIndex = 1; lastKnownFileType = text.xcconfig; name = "Pods-CRUD_SQLite_Wrapper.debug.xcconfig"; path = "Target Support Files/Pods-CRUD_SQLite_Wrapper/Pods-CRUD_SQLite_Wrapper.debug.xcconfig"; sourceTree = "<group>"; };
		68E1B17A7781CAF0B3E0E81B /* Pods_CRUD_SQLite_Wrapper.framework */ = {isa = PBXFileReference; explicitFileType = wrapper.framework; includeInIndex = 0; path = Pods_CRUD_SQLite_Wrapper.framework; sourceTree = BUILT_PRODUCTS_DIR; };
		AD19A01622EB67BE00B7478C /* CRUD_SQLite_Wrapper.app */ = {isa = PBXFileReference; explicitFileType = wrapper.application; includeInIndex = 0; path = CRUD_SQLite_Wrapper.app; sourceTree = BUILT_PRODUCTS_DIR; };
		AD19A01922EB67BE00B7478C /* AppDelegate.swift */ = {isa = PBXFileReference; lastKnownFileType = sourcecode.swift; path = AppDelegate.swift; sourceTree = "<group>"; };
		AD19A01B22EB67BE00B7478C /* ViewController.swift */ = {isa = PBXFileReference; lastKnownFileType = sourcecode.swift; path = ViewController.swift; sourceTree = "<group>"; };
		AD19A01E22EB67BE00B7478C /* Base */ = {isa = PBXFileReference; lastKnownFileType = file.storyboard; name = Base; path = Base.lproj/Main.storyboard; sourceTree = "<group>"; };
		AD19A02022EB67BF00B7478C /* Assets.xcassets */ = {isa = PBXFileReference; lastKnownFileType = folder.assetcatalog; path = Assets.xcassets; sourceTree = "<group>"; };
		AD19A02322EB67BF00B7478C /* Base */ = {isa = PBXFileReference; lastKnownFileType = file.storyboard; name = Base; path = Base.lproj/LaunchScreen.storyboard; sourceTree = "<group>"; };
		AD19A02522EB67BF00B7478C /* Info.plist */ = {isa = PBXFileReference; lastKnownFileType = text.plist.xml; path = Info.plist; sourceTree = "<group>"; };
		ADC9EC4022EF8EA600F01D05 /* CelulaCustomizada.swift */ = {isa = PBXFileReference; lastKnownFileType = sourcecode.swift; path = CelulaCustomizada.swift; sourceTree = "<group>"; };
		C7E5EAD3FA4E85BE8D546A6C /* Pods-CRUD_SQLite_Wrapper.release.xcconfig */ = {isa = PBXFileReference; includeInIndex = 1; lastKnownFileType = text.xcconfig; name = "Pods-CRUD_SQLite_Wrapper.release.xcconfig"; path = "Target Support Files/Pods-CRUD_SQLite_Wrapper/Pods-CRUD_SQLite_Wrapper.release.xcconfig"; sourceTree = "<group>"; };
/* End PBXFileReference section */

/* Begin PBXFrameworksBuildPhase section */
		AD19A01322EB67BE00B7478C /* Frameworks */ = {
			isa = PBXFrameworksBuildPhase;
			buildActionMask = 2147483647;
			files = (
				1FB7A23C7102586753E7B869 /* Pods_CRUD_SQLite_Wrapper.framework in Frameworks */,
			);
			runOnlyForDeploymentPostprocessing = 0;
		};
/* End PBXFrameworksBuildPhase section */

/* Begin PBXGroup section */
		119DFBF2BCB83188DC2E252C /* Frameworks */ = {
			isa = PBXGroup;
			children = (
				68E1B17A7781CAF0B3E0E81B /* Pods_CRUD_SQLite_Wrapper.framework */,
			);
			name = Frameworks;
			sourceTree = "<group>";
		};
		AD19A00D22EB67BE00B7478C = {
			isa = PBXGroup;
			children = (
				AD19A01822EB67BE00B7478C /* CRUD_SQLite_Wrapper */,
				AD19A01722EB67BE00B7478C /* Products */,
				B190C4FEEBE49279BC739B15 /* Pods */,
				119DFBF2BCB83188DC2E252C /* Frameworks */,
			);
			sourceTree = "<group>";
		};
		AD19A01722EB67BE00B7478C /* Products */ = {
			isa = PBXGroup;
			children = (
				AD19A01622EB67BE00B7478C /* CRUD_SQLite_Wrapper.app */,
			);
			name = Products;
			sourceTree = "<group>";
		};
		AD19A01822EB67BE00B7478C /* CRUD_SQLite_Wrapper */ = {
			isa = PBXGroup;
			children = (
				ADC9EC4022EF8EA600F01D05 /* CelulaCustomizada.swift */,
				AD19A01922EB67BE00B7478C /* AppDelegate.swift */,
				AD19A01B22EB67BE00B7478C /* ViewController.swift */,
				AD19A01D22EB67BE00B7478C /* Main.storyboard */,
				AD19A02022EB67BF00B7478C /* Assets.xcassets */,
				AD19A02222EB67BF00B7478C /* LaunchScreen.storyboard */,
				AD19A02522EB67BF00B7478C /* Info.plist */,
			);
			path = CRUD_SQLite_Wrapper;
			sourceTree = "<group>";
		};
		B190C4FEEBE49279BC739B15 /* Pods */ = {
			isa = PBXGroup;
			children = (
				2196676F7412F5653D6AC979 /* Pods-CRUD_SQLite_Wrapper.debug.xcconfig */,
				C7E5EAD3FA4E85BE8D546A6C /* Pods-CRUD_SQLite_Wrapper.release.xcconfig */,
			);
			path = Pods;
			sourceTree = "<group>";
		};
/* End PBXGroup section */

/* Begin PBXNativeTarget section */
		AD19A01522EB67BE00B7478C /* CRUD_SQLite_Wrapper */ = {
			isa = PBXNativeTarget;
			buildConfigurationList = AD19A02822EB67BF00B7478C /* Build configuration list for PBXNativeTarget "CRUD_SQLite_Wrapper" */;
			buildPhases = (
				510258573D5EAD5317C1ADED /* [CP] Check Pods Manifest.lock */,
				AD19A01222EB67BE00B7478C /* Sources */,
				AD19A01322EB67BE00B7478C /* Frameworks */,
				AD19A01422EB67BE00B7478C /* Resources */,
				29B9EAAE038EC7EB057BB12E /* [CP] Embed Pods Frameworks */,
			);
			buildRules = (
			);
			dependencies = (
			);
			name = CRUD_SQLite_Wrapper;
			productName = CRUD_SQLite_Wrapper;
			productReference = AD19A01622EB67BE00B7478C /* CRUD_SQLite_Wrapper.app */;
			productType = "com.apple.product-type.application";
		};
/* End PBXNativeTarget section */

/* Begin PBXProject section */
		AD19A00E22EB67BE00B7478C /* Project object */ = {
			isa = PBXProject;
			attributes = {
				LastSwiftUpdateCheck = 1030;
				LastUpgradeCheck = 1030;
				ORGANIZATIONNAME = "Mateus Rodrigues Santos";
				TargetAttributes = {
					AD19A01522EB67BE00B7478C = {
						CreatedOnToolsVersion = 10.3;
					};
				};
			};
			buildConfigurationList = AD19A01122EB67BE00B7478C /* Build configuration list for PBXProject "CRUD_SQLite_Wrapper" */;
			compatibilityVersion = "Xcode 9.3";
			developmentRegion = en;
			hasScannedForEncodings = 0;
			knownRegions = (
				en,
				Base,
			);
			mainGroup = AD19A00D22EB67BE00B7478C;
			productRefGroup = AD19A01722EB67BE00B7478C /* Products */;
			projectDirPath = "";
			projectRoot = "";
			targets = (
				AD19A01522EB67BE00B7478C /* CRUD_SQLite_Wrapper */,
			);
		};
/* End PBXProject section */

/* Begin PBXResourcesBuildPhase section */
		AD19A01422EB67BE00B7478C /* Resources */ = {
			isa = PBXResourcesBuildPhase;
			buildActionMask = 2147483647;
			files = (
				AD19A02422EB67BF00B7478C /* LaunchScreen.storyboard in Resources */,
				AD19A02122EB67BF00B7478C /* Assets.xcassets in Resources */,
				AD19A01F22EB67BE00B7478C /* Main.storyboard in Resources */,
			);
			runOnlyForDeploymentPostprocessing = 0;
		};
/* End PBXResourcesBuildPhase section */

/* Begin PBXShellScriptBuildPhase section */
		29B9EAAE038EC7EB057BB12E /* [CP] Embed Pods Frameworks */ = {
			isa = PBXShellScriptBuildPhase;
			buildActionMask = 2147483647;
			files = (
			);
			inputFileListPaths = (
				"${PODS_ROOT}/Target Support Files/Pods-CRUD_SQLite_Wrapper/Pods-CRUD_SQLite_Wrapper-frameworks-${CONFIGURATION}-input-files.xcfilelist",
			);
			name = "[CP] Embed Pods Frameworks";
			outputFileListPaths = (
				"${PODS_ROOT}/Target Support Files/Pods-CRUD_SQLite_Wrapper/Pods-CRUD_SQLite_Wrapper-frameworks-${CONFIGURATION}-output-files.xcfilelist",
			);
			runOnlyForDeploymentPostprocessing = 0;
			shellPath = /bin/sh;
			shellScript = "\"${PODS_ROOT}/Target Support Files/Pods-CRUD_SQLite_Wrapper/Pods-CRUD_SQLite_Wrapper-frameworks.sh\"\n";
			showEnvVarsInLog = 0;
		};
		510258573D5EAD5317C1ADED /* [CP] Check Pods Manifest.lock */ = {
			isa = PBXShellScriptBuildPhase;
			buildActionMask = 2147483647;
			files = (
			);
			inputFileListPaths = (
			);
			inputPaths = (
				"${PODS_PODFILE_DIR_PATH}/Podfile.lock",
				"${PODS_ROOT}/Manifest.lock",
			);
			name = "[CP] Check Pods Manifest.lock";
			outputFileListPaths = (
			);
			outputPaths = (
				"$(DERIVED_FILE_DIR)/Pods-CRUD_SQLite_Wrapper-checkManifestLockResult.txt",
			);
			runOnlyForDeploymentPostprocessing = 0;
			shellPath = /bin/sh;
			shellScript = "diff \"${PODS_PODFILE_DIR_PATH}/Podfile.lock\" \"${PODS_ROOT}/Manifest.lock\" > /dev/null\nif [ $? != 0 ] ; then\n    # print error to STDERR\n    echo \"error: The sandbox is not in sync with the Podfile.lock. Run 'pod install' or update your CocoaPods installation.\" >&2\n    exit 1\nfi\n# This output is used by Xcode 'outputs' to avoid re-running this script phase.\necho \"SUCCESS\" > \"${SCRIPT_OUTPUT_FILE_0}\"\n";
			showEnvVarsInLog = 0;
		};
/* End PBXShellScriptBuildPhase section */

/* Begin PBXSourcesBuildPhase section */
		AD19A01222EB67BE00B7478C /* Sources */ = {
			isa = PBXSourcesBuildPhase;
			buildActionMask = 2147483647;
			files = (
				AD19A01C22EB67BE00B7478C /* ViewController.swift in Sources */,
				AD19A01A22EB67BE00B7478C /* AppDelegate.swift in Sources */,
				ADC9EC4122EF90B800F01D05 /* CelulaCustomizada.swift in Sources */,
			);
			runOnlyForDeploymentPostprocessing = 0;
		};
/* End PBXSourcesBuildPhase section */

/* Begin PBXVariantGroup section */
		AD19A01D22EB67BE00B7478C /* Main.storyboard */ = {
			isa = PBXVariantGroup;
			children = (
				AD19A01E22EB67BE00B7478C /* Base */,
			);
			name = Main.storyboard;
			sourceTree = "<group>";
		};
		AD19A02222EB67BF00B7478C /* LaunchScreen.storyboard */ = {
			isa = PBXVariantGroup;
			children = (
				AD19A02322EB67BF00B7478C /* Base */,
			);
			name = LaunchScreen.storyboard;
			sourceTree = "<group>";
		};
/* End PBXVariantGroup section */

/* Begin XCBuildConfiguration section */
		AD19A02622EB67BF00B7478C /* Debug */ = {
			isa = XCBuildConfiguration;
			buildSettings = {
				ALWAYS_SEARCH_USER_PATHS = NO;
				CLANG_ANALYZER_NONNULL = YES;
				CLANG_ANALYZER_NUMBER_OBJECT_CONVERSION = YES_AGGRESSIVE;
				CLANG_CXX_LANGUAGE_STANDARD = "gnu++14";
				CLANG_CXX_LIBRARY = "libc++";
				CLANG_ENABLE_MODULES = YES;
				CLANG_ENABLE_OBJC_ARC = YES;
				CLANG_ENABLE_OBJC_WEAK = YES;
				CLANG_WARN_BLOCK_CAPTURE_AUTORELEASING = YES;
				CLANG_WARN_BOOL_CONVERSION = YES;
				CLANG_WARN_COMMA = YES;
				CLANG_WARN_CONSTANT_CONVERSION = YES;
				CLANG_WARN_DEPRECATED_OBJC_IMPLEMENTATIONS = YES;
				CLANG_WARN_DIRECT_OBJC_ISA_USAGE = YES_ERROR;
				CLANG_WARN_DOCUMENTATION_COMMENTS = YES;
				CLANG_WARN_EMPTY_BODY = YES;
				CLANG_WARN_ENUM_CONVERSION = YES;
				CLANG_WARN_INFINITE_RECURSION = YES;
				CLANG_WARN_INT_CONVERSION = YES;
				CLANG_WARN_NON_LITERAL_NULL_CONVERSION = YES;
				CLANG_WARN_OBJC_IMPLICIT_RETAIN_SELF = YES;
				CLANG_WARN_OBJC_LITERAL_CONVERSION = YES;
				CLANG_WARN_OBJC_ROOT_CLASS = YES_ERROR;
				CLANG_WARN_RANGE_LOOP_ANALYSIS = YES;
				CLANG_WARN_STRICT_PROTOTYPES = YES;
				CLANG_WARN_SUSPICIOUS_MOVE = YES;
				CLANG_WARN_UNGUARDED_AVAILABILITY = YES_AGGRESSIVE;
				CLANG_WARN_UNREACHABLE_CODE = YES;
				CLANG_WARN__DUPLICATE_METHOD_MATCH = YES;
				CODE_SIGN_IDENTITY = "iPhone Developer";
				COPY_PHASE_STRIP = NO;
				DEBUG_INFORMATION_FORMAT = dwarf;
				ENABLE_STRICT_OBJC_MSGSEND = YES;
				ENABLE_TESTABILITY = YES;
				GCC_C_LANGUAGE_STANDARD = gnu11;
				GCC_DYNAMIC_NO_PIC = NO;
				GCC_NO_COMMON_BLOCKS = YES;
				GCC_OPTIMIZATION_LEVEL = 0;
				GCC_PREPROCESSOR_DEFINITIONS = (
					"DEBUG=1",
					"$(inherited)",
				);
				GCC_WARN_64_TO_32_BIT_CONVERSION = YES;
				GCC_WARN_ABOUT_RETURN_TYPE = YES_ERROR;
				GCC_WARN_UNDECLARED_SELECTOR = YES;
				GCC_WARN_UNINITIALIZED_AUTOS = YES_AGGRESSIVE;
				GCC_WARN_UNUSED_FUNCTION = YES;
				GCC_WARN_UNUSED_VARIABLE = YES;
				IPHONEOS_DEPLOYMENT_TARGET = 12.4;
				MTL_ENABLE_DEBUG_INFO = INCLUDE_SOURCE;
				MTL_FAST_MATH = YES;
				ONLY_ACTIVE_ARCH = YES;
				SDKROOT = iphoneos;
				SWIFT_ACTIVE_COMPILATION_CONDITIONS = DEBUG;
				SWIFT_OPTIMIZATION_LEVEL = "-Onone";
			};
			name = Debug;
		};
		AD19A02722EB67BF00B7478C /* Release */ = {
			isa = XCBuildConfiguration;
			buildSettings = {
				ALWAYS_SEARCH_USER_PATHS = NO;
				CLANG_ANALYZER_NONNULL = YES;
				CLANG_ANALYZER_NUMBER_OBJECT_CONVERSION = YES_AGGRESSIVE;
				CLANG_CXX_LANGUAGE_STANDARD = "gnu++14";
				CLANG_CXX_LIBRARY = "libc++";
				CLANG_ENABLE_MODULES = YES;
				CLANG_ENABLE_OBJC_ARC = YES;
				CLANG_ENABLE_OBJC_WEAK = YES;
				CLANG_WARN_BLOCK_CAPTURE_AUTORELEASING = YES;
				CLANG_WARN_BOOL_CONVERSION = YES;
				CLANG_WARN_COMMA = YES;
				CLANG_WARN_CONSTANT_CONVERSION = YES;
				CLANG_WARN_DEPRECATED_OBJC_IMPLEMENTATIONS = YES;
				CLANG_WARN_DIRECT_OBJC_ISA_USAGE = YES_ERROR;
				CLANG_WARN_DOCUMENTATION_COMMENTS = YES;
				CLANG_WARN_EMPTY_BODY = YES;
				CLANG_WARN_ENUM_CONVERSION = YES;
				CLANG_WARN_INFINITE_RECURSION = YES;
				CLANG_WARN_INT_CONVERSION = YES;
				CLANG_WARN_NON_LITERAL_NULL_CONVERSION = YES;
				CLANG_WARN_OBJC_IMPLICIT_RETAIN_SELF = YES;
				CLANG_WARN_OBJC_LITERAL_CONVERSION = YES;
				CLANG_WARN_OBJC_ROOT_CLASS = YES_ERROR;
				CLANG_WARN_RANGE_LOOP_ANALYSIS = YES;
				CLANG_WARN_STRICT_PROTOTYPES = YES;
				CLANG_WARN_SUSPICIOUS_MOVE = YES;
				CLANG_WARN_UNGUARDED_AVAILABILITY = YES_AGGRESSIVE;
				CLANG_WARN_UNREACHABLE_CODE = YES;
				CLANG_WARN__DUPLICATE_METHOD_MATCH = YES;
				CODE_SIGN_IDENTITY = "iPhone Developer";
				COPY_PHASE_STRIP = NO;
				DEBUG_INFORMATION_FORMAT = "dwarf-with-dsym";
				ENABLE_NS_ASSERTIONS = NO;
				ENABLE_STRICT_OBJC_MSGSEND = YES;
				GCC_C_LANGUAGE_STANDARD = gnu11;
				GCC_NO_COMMON_BLOCKS = YES;
				GCC_WARN_64_TO_32_BIT_CONVERSION = YES;
				GCC_WARN_ABOUT_RETURN_TYPE = YES_ERROR;
				GCC_WARN_UNDECLARED_SELECTOR = YES;
				GCC_WARN_UNINITIALIZED_AUTOS = YES_AGGRESSIVE;
				GCC_WARN_UNUSED_FUNCTION = YES;
				GCC_WARN_UNUSED_VARIABLE = YES;
				IPHONEOS_DEPLOYMENT_TARGET = 12.4;
				MTL_ENABLE_DEBUG_INFO = NO;
				MTL_FAST_MATH = YES;
				SDKROOT = iphoneos;
				SWIFT_COMPILATION_MODE = wholemodule;
				SWIFT_OPTIMIZATION_LEVEL = "-O";
				VALIDATE_PRODUCT = YES;
			};
			name = Release;
		};
		AD19A02922EB67BF00B7478C /* Debug */ = {
			isa = XCBuildConfiguration;
			baseConfigurationReference = 2196676F7412F5653D6AC979 /* Pods-CRUD_SQLite_Wrapper.debug.xcconfig */;
			buildSettings = {
				ASSETCATALOG_COMPILER_APPICON_NAME = AppIcon;
				CODE_SIGN_STYLE = Automatic;
				DEVELOPMENT_TEAM = 7TST2X4MAG;
				INFOPLIST_FILE = CRUD_SQLite_Wrapper/Info.plist;
				LD_RUNPATH_SEARCH_PATHS = (
					"$(inherited)",
					"@executable_path/Frameworks",
				);
				PRODUCT_BUNDLE_IDENTIFIER = "mateus.CRUD-SQLite-Wrapper";
				PRODUCT_NAME = "$(TARGET_NAME)";
				SWIFT_VERSION = 5.0;
				TARGETED_DEVICE_FAMILY = "1,2";
			};
			name = Debug;
		};
		AD19A02A22EB67BF00B7478C /* Release */ = {
			isa = XCBuildConfiguration;
			baseConfigurationReference = C7E5EAD3FA4E85BE8D546A6C /* Pods-CRUD_SQLite_Wrapper.release.xcconfig */;
			buildSettings = {
				ASSETCATALOG_COMPILER_APPICON_NAME = AppIcon;
				CODE_SIGN_STYLE = Automatic;
				DEVELOPMENT_TEAM = 7TST2X4MAG;
				INFOPLIST_FILE = CRUD_SQLite_Wrapper/Info.plist;
				LD_RUNPATH_SEARCH_PATHS = (
					"$(inherited)",
					"@executable_path/Frameworks",
				);
				PRODUCT_BUNDLE_IDENTIFIER = "mateus.CRUD-SQLite-Wrapper";
				PRODUCT_NAME = "$(TARGET_NAME)";
				SWIFT_VERSION = 5.0;
				TARGETED_DEVICE_FAMILY = "1,2";
			};
			name = Release;
		};
/* End XCBuildConfiguration section */

/* Begin XCConfigurationList section */
		AD19A01122EB67BE00B7478C /* Build configuration list for PBXProject "CRUD_SQLite_Wrapper" */ = {
			isa = XCConfigurationList;
			buildConfigurations = (
				AD19A02622EB67BF00B7478C /* Debug */,
				AD19A02722EB67BF00B7478C /* Release */,
			);
			defaultConfigurationIsVisible = 0;
			defaultConfigurationName = Release;
		};
		AD19A02822EB67BF00B7478C /* Build configuration list for PBXNativeTarget "CRUD_SQLite_Wrapper" */ = {
			isa = XCConfigurationList;
			buildConfigurations = (
				AD19A02922EB67BF00B7478C /* Debug */,
				AD19A02A22EB67BF00B7478C /* Release */,
			);
			defaultConfigurationIsVisible = 0;
			defaultConfigurationName = Release;
		};
/* End XCConfigurationList section */
	};
	rootObject = AD19A00E22EB67BE00B7478C /* Project object */;
}
